
Microsoft Visual Studio Solution File, Format Version 12.00
# Visual Studio 15
VisualStudioVersion = 15.0.27130.2027
MinimumVisualStudioVersion = 10.0.40219.1
Project("{8BC9CEB8-8B4A-11D0-8D11-00A0C91BC942}") = "PYRO_Engine", "PYRO_Engine\PYRO_Engine.vcxproj", "{E191776C-8EB4-4979-9093-382F9D64ED5A}"
EndProject
Global
	GlobalSection(SolutionConfigurationPlatforms) = preSolution
		Debug|x64 = Debug|x64
		Debug|x86 = Debug|x86
		Release|x64 = Release|x64
		Release|x86 = Release|x86
	EndGlobalSection
	GlobalSection(ProjectConfigurationPlatforms) = postSolution
		{E191776C-8EB4-4979-9093-382F9D64ED5A}.Debug|x64.ActiveCfg = Debug|x64
		{E191776C-8EB4-4979-9093-382F9D64ED5A}.Debug|x64.Build.0 = Debug|x64
		{E191776C-8EB4-4979-9093-382F9D64ED5A}.Debug|x86.ActiveCfg = Debug|Win32
		{E191776C-8EB4-4979-9093-382F9D64ED5A}.Debug|x86.Build.0 = Debug|Win32
		{E191776C-8EB4-4979-9093-382F9D64ED5A}.Release|x64.ActiveCfg = Release|x64
		{E191776C-8EB4-4979-9093-382F9D64ED5A}.Release|x64.Build.0 = Release|x64
		{E191776C-8EB4-4979-9093-382F9D64ED5A}.Release|x86.ActiveCfg = Release|Win32
		{E191776C-8EB4-4979-9093-382F9D64ED5A}.Release|x86.Build.0 = Release|Win32
	EndGlobalSection
	GlobalSection(SolutionProperties) = preSolution
		HideSolutionNode = FALSE
	EndGlobalSection
	GlobalSection(ExtensibilityGlobals) = postSolution
		SolutionGuid = {21377472-1C97-4FEE-95B9-7E53B63AF42C}
	EndGlobalSection
EndGlobal
